
Microsoft Visual Studio Solution File, Format Version 12.00
# Visual Studio Version 17
VisualStudioVersion = 17.14.36623.8 d17.14
MinimumVisualStudioVersion = 10.0.40219.1
Project("{FAE04EC0-301F-11D3-BF4B-00C04F79EFBC}") = "DeviceService.Api", "DeviceService.Api\DeviceService.Api.csproj", "{F8A0C05A-15C6-46A4-9B9E-A346C8650A41}"
EndProject
Global
	GlobalSection(SolutionConfigurationPlatforms) = preSolution
		Debug|Any CPU = Debug|Any CPU
		Release|Any CPU = Release|Any CPU
	EndGlobalSection
	GlobalSection(ProjectConfigurationPlatforms) = postSolution
		{F8A0C05A-15C6-46A4-9B9E-A346C8650A41}.Debug|Any CPU.ActiveCfg = Debug|Any CPU
		{F8A0C05A-15C6-46A4-9B9E-A346C8650A41}.Debug|Any CPU.Build.0 = Debug|Any CPU
		{F8A0C05A-15C6-46A4-9B9E-A346C8650A41}.Release|Any CPU.ActiveCfg = Release|Any CPU
		{F8A0C05A-15C6-46A4-9B9E-A346C8650A41}.Release|Any CPU.Build.0 = Release|Any CPU
	EndGlobalSection
	GlobalSection(SolutionProperties) = preSolution
		HideSolutionNode = FALSE
	EndGlobalSection
	GlobalSection(ExtensibilityGlobals) = postSolution
		SolutionGuid = {9C7A8419-931E-4A9A-8BEB-CDC38364CCDE}
	EndGlobalSection
EndGlobal
